
Microsoft Visual Studio Solution File, Format Version 12.00
# Visual Studio 15
VisualStudioVersion = 15.0.27130.2027
MinimumVisualStudioVersion = 10.0.40219.1
Project("{FAE04EC0-301F-11D3-BF4B-00C04F79EFBC}") = "CDirectoryFileHelper", "CDirectoryFileHelper\CDirectoryFileHelper.csproj", "{0E8C5AA0-7AB0-4F65-AC2A-CA3AEE9F2239}"
EndProject
Global
	GlobalSection(SolutionConfigurationPlatforms) = preSolution
		Debug|Any CPU = Debug|Any CPU
		Release|Any CPU = Release|Any CPU
	EndGlobalSection
	GlobalSection(ProjectConfigurationPlatforms) = postSolution
		{0E8C5AA0-7AB0-4F65-AC2A-CA3AEE9F2239}.Debug|Any CPU.ActiveCfg = Debug|Any CPU
		{0E8C5AA0-7AB0-4F65-AC2A-CA3AEE9F2239}.Debug|Any CPU.Build.0 = Debug|Any CPU
		{0E8C5AA0-7AB0-4F65-AC2A-CA3AEE9F2239}.Release|Any CPU.ActiveCfg = Release|Any CPU
		{0E8C5AA0-7AB0-4F65-AC2A-CA3AEE9F2239}.Release|Any CPU.Build.0 = Release|Any CPU
	EndGlobalSection
	GlobalSection(SolutionProperties) = preSolution
		HideSolutionNode = FALSE
	EndGlobalSection
	GlobalSection(ExtensibilityGlobals) = postSolution
		SolutionGuid = {0C71177C-0E9C-4091-AAAC-A91A78C14D58}
	EndGlobalSection
EndGlobal
